
Microsoft Visual Studio Solution File, Format Version 12.00
# Visual Studio Version 17
VisualStudioVersion = 17.4.33213.308
MinimumVisualStudioVersion = 10.0.40219.1
Project("{FAE04EC0-301F-11D3-BF4B-00C04F79EFBC}") = "Survey.Api.Cloud.Core", "Survey.Api.Cloud.Core.csproj", "{AC60B786-2E2D-42FC-B073-37C1DA6C9435}"
EndProject
Global
	GlobalSection(SolutionConfigurationPlatforms) = preSolution
		Debug|Any CPU = Debug|Any CPU
		Release|Any CPU = Release|Any CPU
	EndGlobalSection
	GlobalSection(ProjectConfigurationPlatforms) = postSolution
		{AC60B786-2E2D-42FC-B073-37C1DA6C9435}.Debug|Any CPU.ActiveCfg = Debug|Any CPU
		{AC60B786-2E2D-42FC-B073-37C1DA6C9435}.Debug|Any CPU.Build.0 = Debug|Any CPU
		{AC60B786-2E2D-42FC-B073-37C1DA6C9435}.Release|Any CPU.ActiveCfg = Release|Any CPU
		{AC60B786-2E2D-42FC-B073-37C1DA6C9435}.Release|Any CPU.Build.0 = Release|Any CPU
	EndGlobalSection
	GlobalSection(SolutionProperties) = preSolution
		HideSolutionNode = FALSE
	EndGlobalSection
	GlobalSection(ExtensibilityGlobals) = postSolution
		SolutionGuid = {42906529-D056-47CB-BD21-21385D24666D}
	EndGlobalSection
EndGlobal
